
Microsoft Visual Studio Solution File, Format Version 12.00
# Visual Studio 15
Project("{FAE04EC0-301F-11D3-BF4B-00C04F79EFBC}") = "Assembly-CSharp", "Assembly-CSharp.csproj", "{97BD696A-4C5E-19E8-DB06-002A954DBF53}"
EndProject
Project("{FAE04EC0-301F-11D3-BF4B-00C04F79EFBC}") = "Assembly-CSharp-Editor", "Assembly-CSharp-Editor.csproj", "{29181AB0-D27D-AB3E-6838-31EE250A4E87}"
EndProject
Project("{FAE04EC0-301F-11D3-BF4B-00C04F79EFBC}") = "Google.XR.Cardboard", "Google.XR.Cardboard.csproj", "{2E641B36-3531-C826-1A63-B02997A5D669}"
EndProject
Project("{FAE04EC0-301F-11D3-BF4B-00C04F79EFBC}") = "Google.XR.Cardboard.Editor", "Google.XR.Cardboard.Editor.csproj", "{75551E9A-D657-DC40-F2DF-4CF3274BA036}"
EndProject
Global
	GlobalSection(SolutionConfigurationPlatforms) = preSolution
		Debug|Any CPU = Debug|Any CPU
		Release|Any CPU = Release|Any CPU
	EndGlobalSection
	GlobalSection(ProjectConfigurationPlatforms) = postSolution
		{97BD696A-4C5E-19E8-DB06-002A954DBF53}.Debug|Any CPU.ActiveCfg = Debug|Any CPU
		{97BD696A-4C5E-19E8-DB06-002A954DBF53}.Debug|Any CPU.Build.0 = Debug|Any CPU
		{97BD696A-4C5E-19E8-DB06-002A954DBF53}.Release|Any CPU.ActiveCfg = Release|Any CPU
		{97BD696A-4C5E-19E8-DB06-002A954DBF53}.Release|Any CPU.Build.0 = Release|Any CPU
		{29181AB0-D27D-AB3E-6838-31EE250A4E87}.Debug|Any CPU.ActiveCfg = Debug|Any CPU
		{29181AB0-D27D-AB3E-6838-31EE250A4E87}.Debug|Any CPU.Build.0 = Debug|Any CPU
		{29181AB0-D27D-AB3E-6838-31EE250A4E87}.Release|Any CPU.ActiveCfg = Release|Any CPU
		{29181AB0-D27D-AB3E-6838-31EE250A4E87}.Release|Any CPU.Build.0 = Release|Any CPU
		{2E641B36-3531-C826-1A63-B02997A5D669}.Debug|Any CPU.ActiveCfg = Debug|Any CPU
		{2E641B36-3531-C826-1A63-B02997A5D669}.Debug|Any CPU.Build.0 = Debug|Any CPU
		{2E641B36-3531-C826-1A63-B02997A5D669}.Release|Any CPU.ActiveCfg = Release|Any CPU
		{2E641B36-3531-C826-1A63-B02997A5D669}.Release|Any CPU.Build.0 = Release|Any CPU
		{75551E9A-D657-DC40-F2DF-4CF3274BA036}.Debug|Any CPU.ActiveCfg = Debug|Any CPU
		{75551E9A-D657-DC40-F2DF-4CF3274BA036}.Debug|Any CPU.Build.0 = Debug|Any CPU
		{75551E9A-D657-DC40-F2DF-4CF3274BA036}.Release|Any CPU.ActiveCfg = Release|Any CPU
		{75551E9A-D657-DC40-F2DF-4CF3274BA036}.Release|Any CPU.Build.0 = Release|Any CPU
	EndGlobalSection
	GlobalSection(SolutionProperties) = preSolution
		HideSolutionNode = FALSE
	EndGlobalSection
EndGlobal
